
Microsoft Visual Studio Solution File, Format Version 12.00
# Visual Studio 15
VisualStudioVersion = 15.0.28307.106
MinimumVisualStudioVersion = 10.0.40219.1
Project("{9A19103F-16F7-4668-BE54-9A1E7A4F7556}") = "Api2", "Api2.csproj", "{FAA53321-66FC-4D2C-9271-E14B3ABDAD63}"
EndProject
Global
	GlobalSection(SolutionConfigurationPlatforms) = preSolution
		Debug|Any CPU = Debug|Any CPU
		Release|Any CPU = Release|Any CPU
	EndGlobalSection
	GlobalSection(ProjectConfigurationPlatforms) = postSolution
		{FAA53321-66FC-4D2C-9271-E14B3ABDAD63}.Debug|Any CPU.ActiveCfg = Debug|Any CPU
		{FAA53321-66FC-4D2C-9271-E14B3ABDAD63}.Debug|Any CPU.Build.0 = Debug|Any CPU
		{FAA53321-66FC-4D2C-9271-E14B3ABDAD63}.Release|Any CPU.ActiveCfg = Release|Any CPU
		{FAA53321-66FC-4D2C-9271-E14B3ABDAD63}.Release|Any CPU.Build.0 = Release|Any CPU
	EndGlobalSection
	GlobalSection(SolutionProperties) = preSolution
		HideSolutionNode = FALSE
	EndGlobalSection
	GlobalSection(ExtensibilityGlobals) = postSolution
		SolutionGuid = {54C87677-36C1-46D1-A9C3-00A9419BBAC4}
	EndGlobalSection
EndGlobal
